
Microsoft Visual Studio Solution File, Format Version 11.00
# Visual Studio 2010
Project("{D2ABAB84-BF74-430A-B69E-9DC6D40DDA17}") = "COVID-19-COUNTRY", "COVID-19-COUNTRY\COVID-19-COUNTRY.dwproj", "{2E439D81-5F1A-4AF3-826A-23BC6F7354ED}"
EndProject
Global
	GlobalSection(SolutionConfigurationPlatforms) = preSolution
		Development|Default = Development|Default
	EndGlobalSection
	GlobalSection(ProjectConfigurationPlatforms) = postSolution
		{2E439D81-5F1A-4AF3-826A-23BC6F7354ED}.Development|Default.ActiveCfg = Development
		{2E439D81-5F1A-4AF3-826A-23BC6F7354ED}.Development|Default.Build.0 = Development
		{2E439D81-5F1A-4AF3-826A-23BC6F7354ED}.Development|Default.Deploy.0 = Development
	EndGlobalSection
	GlobalSection(SolutionProperties) = preSolution
		HideSolutionNode = FALSE
	EndGlobalSection
EndGlobal
