
Microsoft Visual Studio Solution File, Format Version 11.00
# Visual Studio 2010
Project("{D2ABAB84-BF74-430A-B69E-9DC6D40DDA17}") = "COVID-19  Country", "大作业\COVID-19  Country.dwproj", "{5CB4CB0A-0C7F-4FD3-ABF4-6BA8A81E5F75}"
EndProject
Global
	GlobalSection(SolutionConfigurationPlatforms) = preSolution
		Development|Default = Development|Default
	EndGlobalSection
	GlobalSection(ProjectConfigurationPlatforms) = postSolution
		{5CB4CB0A-0C7F-4FD3-ABF4-6BA8A81E5F75}.Development|Default.ActiveCfg = Development
		{5CB4CB0A-0C7F-4FD3-ABF4-6BA8A81E5F75}.Development|Default.Build.0 = Development
		{5CB4CB0A-0C7F-4FD3-ABF4-6BA8A81E5F75}.Development|Default.Deploy.0 = Development
	EndGlobalSection
	GlobalSection(SolutionProperties) = preSolution
		HideSolutionNode = FALSE
	EndGlobalSection
EndGlobal
